
Microsoft Visual Studio Solution File, Format Version 12.00
# Visual Studio Version 16
VisualStudioVersion = 16.0.29001.49
MinimumVisualStudioVersion = 10.0.40219.1
Project("{FAE04EC0-301F-11D3-BF4B-00C04F79EFBC}") = "Colegio", "Colegio\Colegio.csproj", "{069A9369-9C18-4E5E-9CFE-9C19EAC115EC}"
EndProject
Global
	GlobalSection(SolutionConfigurationPlatforms) = preSolution
		Debug|Any CPU = Debug|Any CPU
		Release|Any CPU = Release|Any CPU
	EndGlobalSection
	GlobalSection(ProjectConfigurationPlatforms) = postSolution
		{069A9369-9C18-4E5E-9CFE-9C19EAC115EC}.Debug|Any CPU.ActiveCfg = Debug|Any CPU
		{069A9369-9C18-4E5E-9CFE-9C19EAC115EC}.Debug|Any CPU.Build.0 = Debug|Any CPU
		{069A9369-9C18-4E5E-9CFE-9C19EAC115EC}.Release|Any CPU.ActiveCfg = Release|Any CPU
		{069A9369-9C18-4E5E-9CFE-9C19EAC115EC}.Release|Any CPU.Build.0 = Release|Any CPU
	EndGlobalSection
	GlobalSection(SolutionProperties) = preSolution
		HideSolutionNode = FALSE
	EndGlobalSection
	GlobalSection(ExtensibilityGlobals) = postSolution
		SolutionGuid = {465027DD-B36B-407B-A182-296BA0ADF49B}
	EndGlobalSection
EndGlobal
